
Microsoft Visual Studio Solution File, Format Version 12.00
# Visual Studio Version 17
VisualStudioVersion = 17.0.31903.59
MinimumVisualStudioVersion = 10.0.40219.1
Project("{FAE04EC0-301F-11D3-BF4B-00C04F79EFBC}") = "Web_Arquitecto_Net", "Web_Arquitecto_Net\Web_Arquitecto_Net.csproj", "{AB49B0A6-EFCC-45A4-AE6F-D735F8009B3D}"
EndProject
Global
	GlobalSection(SolutionConfigurationPlatforms) = preSolution
		Debug|Any CPU = Debug|Any CPU
		Release|Any CPU = Release|Any CPU
	EndGlobalSection
	GlobalSection(SolutionProperties) = preSolution
		HideSolutionNode = FALSE
	EndGlobalSection
	GlobalSection(ProjectConfigurationPlatforms) = postSolution
		{AB49B0A6-EFCC-45A4-AE6F-D735F8009B3D}.Debug|Any CPU.ActiveCfg = Debug|Any CPU
		{AB49B0A6-EFCC-45A4-AE6F-D735F8009B3D}.Debug|Any CPU.Build.0 = Debug|Any CPU
		{AB49B0A6-EFCC-45A4-AE6F-D735F8009B3D}.Release|Any CPU.ActiveCfg = Release|Any CPU
		{AB49B0A6-EFCC-45A4-AE6F-D735F8009B3D}.Release|Any CPU.Build.0 = Release|Any CPU
	EndGlobalSection
EndGlobal
